lockfileVersion: '6.0'

dependencies:
  chrono-node:
    specifier: ^2.6.3
    version: 2.6.3
  dayjs:
    specifier: ^1.11.7
    version: 1.11.7
  node-schedule:
    specifier: ^2.1.1
    version: 2.1.1
  playwright:
    specifier: ^1.34.3
    version: 1.34.3
  tesseract.js:
    specifier: ^4.0.6
    version: 4.0.6

devDependencies:
  '@types/node':
    specifier: ^18.16.16
    version: 18.16.16
  '@types/node-schedule':
    specifier: ^2.1.0
    version: 2.1.0
  ts-node:
    specifier: ^10.9.1
    version: 10.9.1(@types/node@18.16.16)(typescript@5.0.4)
  typescript:
    specifier: ^5.0.4
    version: 5.0.4

packages:

  /@cspotcode/source-map-support@0.8.1:
    resolution: {integrity: sha512-IchNf6dN4tHoMFIn/7OE8LWZ19Y6q/67Bmf6vnGREv8RSbBVb9LPJxEcnwrcwX6ixSvaiGoomAUvu4YSxXrVgw==}
    engines: {node: '>=12'}
    dependencies:
      '@jridgewell/trace-mapping': 0.3.9
    dev: true

  /@jridgewell/resolve-uri@3.1.1:
    resolution: {integrity: sha512-dSYZh7HhCDtCKm4QakX0xFpsRDqjjtZf/kjI/v3T3Nwt5r8/qz/M19F9ySyOqU94SXBmeG9ttTul+YnR4LOxFA==}
    engines: {node: '>=6.0.0'}
    dev: true

  /@jridgewell/sourcemap-codec@1.4.15:
    resolution: {integrity: sha512-eF2rxCRulEKXHTRiDrDy6erMYWqNw4LPdQ8UQA4huuxaQsVeRPFl2oM8oDGxMFhJUWZf9McpLtJasDDZb/Bpeg==}
    dev: true

  /@jridgewell/trace-mapping@0.3.9:
    resolution: {integrity: sha512-3Belt6tdc8bPgAtbcmdtNJlirVoTmEb5e2gC94PnkwEW9jI6CAHUeoG85tjWP5WquqfavoMtMwiG4P926ZKKuQ==}
    dependencies:
      '@jridgewell/resolve-uri': 3.1.1
      '@jridgewell/sourcemap-codec': 1.4.15
    dev: true

  /@tsconfig/node10@1.0.9:
    resolution: {integrity: sha512-jNsYVVxU8v5g43Erja32laIDHXeoNvFEpX33OK4d6hljo3jDhCBDhx5dhCCTMWUojscpAagGiRkBKxpdl9fxqA==}
    dev: true

  /@tsconfig/node12@1.0.11:
    resolution: {integrity: sha512-cqefuRsh12pWyGsIoBKJA9luFu3mRxCA+ORZvA4ktLSzIuCUtWVxGIuXigEwO5/ywWFMZ2QEGKWvkZG1zDMTag==}
    dev: true

  /@tsconfig/node14@1.0.3:
    resolution: {integrity: sha512-ysT8mhdixWK6Hw3i1V2AeRqZ5WfXg1G43mqoYlM2nc6388Fq5jcXyr5mRsqViLx/GJYdoL0bfXD8nmF+Zn/Iow==}
    dev: true

  /@tsconfig/node16@1.0.4:
    resolution: {integrity: sha512-vxhUy4J8lyeyinH7Azl1pdd43GJhZH/tP2weN8TntQblOY+A0XbT8DJk1/oCPuOOyg/Ja757rG0CgHcWC8OfMA==}
    dev: true

  /@types/node-schedule@2.1.0:
    resolution: {integrity: sha512-NiTwl8YN3v/1YCKrDFSmCTkVxFDylueEqsOFdgF+vPsm+AlyJKGAo5yzX1FiOxPsZiN6/r8gJitYx2EaSuBmmg==}
    dependencies:
      '@types/node': 18.16.16
    dev: true

  /@types/node@18.16.16:
    resolution: {integrity: sha512-NpaM49IGQQAUlBhHMF82QH80J08os4ZmyF9MkpCzWAGuOHqE4gTEbhzd7L3l5LmWuZ6E0OiC1FweQ4tsiW35+g==}
    dev: true

  /acorn-walk@8.2.0:
    resolution: {integrity: sha512-k+iyHEuPgSw6SbuDpGQM+06HQUa04DZ3o+F6CSzXMvvI5KMvnaEqXe+YVe555R9nn6GPt404fos4wcgpw12SDA==}
    engines: {node: '>=0.4.0'}
    dev: true

  /acorn@8.8.2:
    resolution: {integrity: sha512-xjIYgE8HBrkpd/sJqOGNspf8uHG+NOHGOw6a/Urj8taM2EXfdNAH2oFcPeIFfsv3+kz/mJrS5VuMqbNLjCa2vw==}
    engines: {node: '>=0.4.0'}
    hasBin: true
    dev: true

  /arg@4.1.3:
    resolution: {integrity: sha512-58S9QDqG0Xx27YwPSt9fJxivjYl432YCwfDMfZ+71RAqUrZef7LrKQZ3LHLOwCS4FLNBplP533Zx895SeOCHvA==}
    dev: true

  /bmp-js@0.1.0:
    resolution: {integrity: sha512-vHdS19CnY3hwiNdkaqk93DvjVLfbEcI8mys4UjuWrlX1haDmroo8o4xCzh4wD6DGV6HxRCyauwhHRqMTfERtjw==}
    dev: false

  /chrono-node@2.6.3:
    resolution: {integrity: sha512-VkWaaZnNulqzNH9i4XCdyI05OX6MFEnCMNKdZOR4w//wS5/E2qkwAss/O5sj6SfTZK84fX4SSOG4pzqjqIseiA==}
    engines: {node: ^12.20.0 || ^14.13.1 || >=16.0.0}
    dependencies:
      dayjs: 1.11.7
    dev: false

  /create-require@1.1.1:
    resolution: {integrity: sha512-dcKFX3jn0MpIaXjisoRvexIJVEKzaq7z2rZKxf+MSr9TkdmHmsU4m2lcLojrj/FHl8mk5VxMmYA+ftRkP/3oKQ==}
    dev: true

  /cron-parser@4.8.1:
    resolution: {integrity: sha512-jbokKWGcyU4gl6jAfX97E1gDpY12DJ1cLJZmoDzaAln/shZ+S3KBFBuA2Q6WeUN4gJf/8klnV1EfvhA2lK5IRQ==}
    engines: {node: '>=12.0.0'}
    dependencies:
      luxon: 3.3.0
    dev: false

  /dayjs@1.11.7:
    resolution: {integrity: sha512-+Yw9U6YO5TQohxLcIkrXBeY73WP3ejHWVvx8XCk3gxvQDCTEmS48ZrSZCKciI7Bhl/uCMyxYtE9UqRILmFphkQ==}
    dev: false

  /diff@4.0.2:
    resolution: {integrity: sha512-58lmxKSA4BNyLz+HHMUzlOEpg09FV+ev6ZMe3vJihgdxzgcwZ8VoEEPmALCZG9LmqfVoNMMKpttIYTVG6uDY7A==}
    engines: {node: '>=0.3.1'}
    dev: true

  /file-type@12.4.2:
    resolution: {integrity: sha512-UssQP5ZgIOKelfsaB5CuGAL+Y+q7EmONuiwF3N5HAH0t27rvrttgi6Ra9k/+DVaY9UF6+ybxu5pOXLUdA8N7Vg==}
    engines: {node: '>=8'}
    dev: false

  /idb-keyval@6.2.1:
    resolution: {integrity: sha512-8Sb3veuYCyrZL+VBt9LJfZjLUPWVvqn8tG28VqYNFCo43KHcKuq+b4EiXGeuaLAQWL2YmyDgMp2aSpH9JHsEQg==}
    dev: false

  /is-electron@2.2.2:
    resolution: {integrity: sha512-FO/Rhvz5tuw4MCWkpMzHFKWD2LsfHzIb7i6MdPYZ/KW7AlxawyLkqdy+jPZP1WubqEADE3O4FUENlJHDfQASRg==}
    dev: false

  /is-url@1.2.4:
    resolution: {integrity: sha512-ITvGim8FhRiYe4IQ5uHSkj7pVaPDrCTkNd3yq3cV7iZAcJdHTUMPMEHcqSOy9xZ9qFenQCvi+2wjH9a1nXqHww==}
    dev: false

  /long-timeout@0.1.1:
    resolution: {integrity: sha512-BFRuQUqc7x2NWxfJBCyUrN8iYUYznzL9JROmRz1gZ6KlOIgmoD+njPVbb+VNn2nGMKggMsK79iUNErillsrx7w==}
    dev: false

  /luxon@3.3.0:
    resolution: {integrity: sha512-An0UCfG/rSiqtAIiBPO0Y9/zAnHUZxAMiCpTd5h2smgsj7GGmcenvrvww2cqNA8/4A5ZrD1gJpHN2mIHZQF+Mg==}
    engines: {node: '>=12'}
    dev: false

  /make-error@1.3.6:
    resolution: {integrity: sha512-s8UhlNe7vPKomQhC1qFelMokr/Sc3AgNbso3n74mVPA5LTZwkB9NlXf4XPamLxJE8h0gh73rM94xvwRT2CVInw==}
    dev: true

  /node-fetch@2.6.11:
    resolution: {integrity: sha512-4I6pdBY1EthSqDmJkiNk3JIT8cswwR9nfeW/cPdUagJYEQG7R95WRH74wpz7ma8Gh/9dI9FP+OU+0E4FvtA55w==}
    engines: {node: 4.x || >=6.0.0}
    peerDependencies:
      encoding: ^0.1.0
    peerDependenciesMeta:
      encoding:
        optional: true
    dependencies:
      whatwg-url: 5.0.0
    dev: false

  /node-schedule@2.1.1:
    resolution: {integrity: sha512-OXdegQq03OmXEjt2hZP33W2YPs/E5BcFQks46+G2gAxs4gHOIVD1u7EqlYLYSKsaIpyKCK9Gbk0ta1/gjRSMRQ==}
    engines: {node: '>=6'}
    dependencies:
      cron-parser: 4.8.1
      long-timeout: 0.1.1
      sorted-array-functions: 1.3.0
    dev: false

  /opencollective-postinstall@2.0.3:
    resolution: {integrity: sha512-8AV/sCtuzUeTo8gQK5qDZzARrulB3egtLzFgteqB2tcT4Mw7B8Kt7JcDHmltjz6FOAHsvTevk70gZEbhM4ZS9Q==}
    hasBin: true
    dev: false

  /playwright-core@1.34.3:
    resolution: {integrity: sha512-2pWd6G7OHKemc5x1r1rp8aQcpvDh7goMBZlJv6Co5vCNLVcQJdhxRL09SGaY6HcyHH9aT4tiynZabMofVasBYw==}
    engines: {node: '>=14'}
    hasBin: true
    dev: false

  /playwright@1.34.3:
    resolution: {integrity: sha512-UOOVE4ZbGfGkP1KVqWTdXOmm8Pw2pBhfbmlqKMkpiRCQjL5W+J+xRQXpgutFr0iM4pWl8g0GyyASMsqjQfFohw==}
    engines: {node: '>=14'}
    hasBin: true
    requiresBuild: true
    dependencies:
      playwright-core: 1.34.3
    dev: false

  /regenerator-runtime@0.13.11:
    resolution: {integrity: sha512-kY1AZVr2Ra+t+piVaJ4gxaFaReZVH40AKNo7UCX6W+dEwBo/2oZJzqfuN1qLq1oL45o56cPaTXELwrTh8Fpggg==}
    dev: false

  /resolve-url@0.2.1:
    resolution: {integrity: sha512-ZuF55hVUQaaczgOIwqWzkEcEidmlD/xl44x1UZnhOXcYuFN2S6+rcxpG+C1N3So0wvNI3DmJICUFfu2SxhBmvg==}
    deprecated: https://github.com/lydell/resolve-url#deprecated
    dev: false

  /sorted-array-functions@1.3.0:
    resolution: {integrity: sha512-2sqgzeFlid6N4Z2fUQ1cvFmTOLRi/sEDzSQ0OKYchqgoPmQBVyM3959qYx3fpS6Esef80KjmpgPeEr028dP3OA==}
    dev: false

  /tesseract.js-core@4.0.4:
    resolution: {integrity: sha512-MJ+vtktjAaT0681uPl6TDUPhbRbpD/S9emko5rtorgHRZpQo7R3BG7h+3pVHgn1KjfNf1bvnx4B7KxEK8YKqpg==}
    dev: false

  /tesseract.js@4.0.6:
    resolution: {integrity: sha512-X6dKgbK6QB+iXWcQEnPXsgXWJCAxTq4TMEMmzS4QSGXmv5isYxIrXrxcsqF7n5DYXcOBDqk/WLIWbRiB3KOQdQ==}
    requiresBuild: true
    dependencies:
      bmp-js: 0.1.0
      file-type: 12.4.2
      idb-keyval: 6.2.1
      is-electron: 2.2.2
      is-url: 1.2.4
      node-fetch: 2.6.11
      opencollective-postinstall: 2.0.3
      regenerator-runtime: 0.13.11
      resolve-url: 0.2.1
      tesseract.js-core: 4.0.4
      wasm-feature-detect: 1.5.1
      zlibjs: 0.3.1
    transitivePeerDependencies:
      - encoding
    dev: false

  /tr46@0.0.3:
    resolution: {integrity: sha512-N3WMsuqV66lT30CrXNbEjx4GEwlow3v6rr4mCcv6prnfwhS01rkgyFdjPNBYd9br7LpXV1+Emh01fHnq2Gdgrw==}
    dev: false

  /ts-node@10.9.1(@types/node@18.16.16)(typescript@5.0.4):
    resolution: {integrity: sha512-NtVysVPkxxrwFGUUxGYhfux8k78pQB3JqYBXlLRZgdGUqTO5wU/UyHop5p70iEbGhB7q5KmiZiU0Y3KlJrScEw==}
    hasBin: true
    peerDependencies:
      '@swc/core': '>=1.2.50'
      '@swc/wasm': '>=1.2.50'
      '@types/node': '*'
      typescript: '>=2.7'
    peerDependenciesMeta:
      '@swc/core':
        optional: true
      '@swc/wasm':
        optional: true
    dependencies:
      '@cspotcode/source-map-support': 0.8.1
      '@tsconfig/node10': 1.0.9
      '@tsconfig/node12': 1.0.11
      '@tsconfig/node14': 1.0.3
      '@tsconfig/node16': 1.0.4
      '@types/node': 18.16.16
      acorn: 8.8.2
      acorn-walk: 8.2.0
      arg: 4.1.3
      create-require: 1.1.1
      diff: 4.0.2
      make-error: 1.3.6
      typescript: 5.0.4
      v8-compile-cache-lib: 3.0.1
      yn: 3.1.1
    dev: true

  /typescript@5.0.4:
    resolution: {integrity: sha512-cW9T5W9xY37cc+jfEnaUvX91foxtHkza3Nw3wkoF4sSlKn0MONdkdEndig/qPBWXNkmplh3NzayQzCiHM4/hqw==}
    engines: {node: '>=12.20'}
    hasBin: true
    dev: true

  /v8-compile-cache-lib@3.0.1:
    resolution: {integrity: sha512-wa7YjyUGfNZngI/vtK0UHAN+lgDCxBPCylVXGp0zu59Fz5aiGtNXaq3DhIov063MorB+VfufLh3JlF2KdTK3xg==}
    dev: true

  /wasm-feature-detect@1.5.1:
    resolution: {integrity: sha512-GHr23qmuehNXHY4902/hJ6EV5sUANIJC3R/yMfQ7hWDg3nfhlcJfnIL96R2ohpIwa62araN6aN4bLzzzq5GXkg==}
    dev: false

  /webidl-conversions@3.0.1:
    resolution: {integrity: sha512-2JAn3z8AR6rjK8Sm8orRC0h/bcl/DqL7tRPdGZ4I1CjdF+EaMLmYxBHyXuKL849eucPFhvBoxMsflfOb8kxaeQ==}
    dev: false

  /whatwg-url@5.0.0:
    resolution: {integrity: sha512-saE57nupxk6v3HY35+jzBwYa0rKSy0XR8JSxZPwgLr7ys0IBzhGviA1/TUGJLmSVqs8pb9AnvICXEuOHLprYTw==}
    dependencies:
      tr46: 0.0.3
      webidl-conversions: 3.0.1
    dev: false

  /yn@3.1.1:
    resolution: {integrity: sha512-Ux4ygGWsu2c7isFWe8Yu1YluJmqVhxqK2cLXNQA5AcC3QfbGNpM7fu0Y8b/z16pXLnFxZYvWhd3fhBY9DLmC6Q==}
    engines: {node: '>=6'}
    dev: true

  /zlibjs@0.3.1:
    resolution: {integrity: sha512-+J9RrgTKOmlxFSDHo0pI1xM6BLVUv+o0ZT9ANtCxGkjIVCCUdx9alUF8Gm+dGLKbkkkidWIHFDZHDMpfITt4+w==}
    dev: false
